lockfileVersion: '6.0'

settings:
  autoInstallPeers: true
  excludeLinksFromLockfile: false

dependencies:
  '@artus/core':
    specifier: ^1.0.3
    version: 1.0.9(reflect-metadata@0.1.14)
  '@artus/pipeline':
    specifier: ^0.2.2
    version: 0.2.3

devDependencies:
  '@artus/tsconfig':
    specifier: ^1.0.1
    version: 1.0.1(@types/node@18.19.4)
  '@types/koa':
    specifier: ^2.13.12
    version: 2.13.12
  '@types/koa__cors':
    specifier: ^5.0.0
    version: 5.0.0
  '@types/koa__router':
    specifier: ^12.0.4
    version: 12.0.4
  '@types/node':
    specifier: ^18.11.17
    version: 18.19.4
  prettier:
    specifier: ^2.8.4
    version: 2.8.8
  ts-node:
    specifier: ^10.9.1
    version: 10.9.2(@types/node@18.19.4)(typescript@4.9.5)
  tslib:
    specifier: ^2.5.0
    version: 2.6.2
  typescript:
    specifier: ^4.9.4
    version: 4.9.5

packages:

  /@artus/core@1.0.9(reflect-metadata@0.1.14):
    resolution: {integrity: sha512-6/jaSThVFhV9jLR98aJ4u4JSB3ObQ2wt54XGn4YfJsYt2OpPw2rD6/vQFeZtRoZ9CpTiLeKgNuz6Fe4EzYXbsQ==}
    peerDependencies:
      reflect-metadata: ^0.1.13
    dependencies:
      '@artus/injection': 0.5.2
      '@artus/pipeline': 0.2.3
      deepmerge: 4.3.1
      minimatch: 5.1.6
      reflect-metadata: 0.1.14
    dev: false

  /@artus/injection@0.5.2:
    resolution: {integrity: sha512-rWjXd2Th+Q3PmmoLsjT3Fh5TyIXb6Ee/heyAI7U8/PmPXfG+rXvLVOSYHm414fIzDkoUHSE5HoMMLpvGK/RUrg==}
    dev: false

  /@artus/pipeline@0.2.3:
    resolution: {integrity: sha512-W4gBvkjD5bh7DScWn5DIdg3mRi93kabYCsOPTVN1sjtYVHlLX3xikyscdFphTjYlrmO4G+tP2lPH4pfBm3Sepg==}
    dependencies:
      tslib: 2.6.2
    dev: false

  /@artus/tsconfig@1.0.1(@types/node@18.19.4):
    resolution: {integrity: sha512-IxBvvg6I7+3do+CCxZq/LSvZiMFRwVFwUVkJWEunVGXtggq9Q0cnlrdJnnjnnbAlIgmH1knRc4z/atItnHjDEg==}
    peerDependencies:
      '@types/node': '*'
    peerDependenciesMeta:
      '@types/node':
        optional: true
    dependencies:
      '@types/node': 18.19.4
    dev: true

  /@cspotcode/source-map-support@0.8.1:
    resolution: {integrity: sha512-IchNf6dN4tHoMFIn/7OE8LWZ19Y6q/67Bmf6vnGREv8RSbBVb9LPJxEcnwrcwX6ixSvaiGoomAUvu4YSxXrVgw==}
    engines: {node: '>=12'}
    dependencies:
      '@jridgewell/trace-mapping': 0.3.9
    dev: true

  /@jridgewell/resolve-uri@3.1.1:
    resolution: {integrity: sha512-dSYZh7HhCDtCKm4QakX0xFpsRDqjjtZf/kjI/v3T3Nwt5r8/qz/M19F9ySyOqU94SXBmeG9ttTul+YnR4LOxFA==}
    engines: {node: '>=6.0.0'}
    dev: true

  /@jridgewell/sourcemap-codec@1.4.15:
    resolution: {integrity: sha512-eF2rxCRulEKXHTRiDrDy6erMYWqNw4LPdQ8UQA4huuxaQsVeRPFl2oM8oDGxMFhJUWZf9McpLtJasDDZb/Bpeg==}
    dev: true

  /@jridgewell/trace-mapping@0.3.9:
    resolution: {integrity: sha512-3Belt6tdc8bPgAtbcmdtNJlirVoTmEb5e2gC94PnkwEW9jI6CAHUeoG85tjWP5WquqfavoMtMwiG4P926ZKKuQ==}
    dependencies:
      '@jridgewell/resolve-uri': 3.1.1
      '@jridgewell/sourcemap-codec': 1.4.15
    dev: true

  /@tsconfig/node10@1.0.9:
    resolution: {integrity: sha512-jNsYVVxU8v5g43Erja32laIDHXeoNvFEpX33OK4d6hljo3jDhCBDhx5dhCCTMWUojscpAagGiRkBKxpdl9fxqA==}
    dev: true

  /@tsconfig/node12@1.0.11:
    resolution: {integrity: sha512-cqefuRsh12pWyGsIoBKJA9luFu3mRxCA+ORZvA4ktLSzIuCUtWVxGIuXigEwO5/ywWFMZ2QEGKWvkZG1zDMTag==}
    dev: true

  /@tsconfig/node14@1.0.3:
    resolution: {integrity: sha512-ysT8mhdixWK6Hw3i1V2AeRqZ5WfXg1G43mqoYlM2nc6388Fq5jcXyr5mRsqViLx/GJYdoL0bfXD8nmF+Zn/Iow==}
    dev: true

  /@tsconfig/node16@1.0.4:
    resolution: {integrity: sha512-vxhUy4J8lyeyinH7Azl1pdd43GJhZH/tP2weN8TntQblOY+A0XbT8DJk1/oCPuOOyg/Ja757rG0CgHcWC8OfMA==}
    dev: true

  /@types/accepts@1.3.7:
    resolution: {integrity: sha512-Pay9fq2lM2wXPWbteBsRAGiWH2hig4ZE2asK+mm7kUzlxRTfL961rj89I6zV/E3PcIkDqyuBEcMxFT7rccugeQ==}
    dependencies:
      '@types/node': 18.19.4
    dev: true

  /@types/body-parser@1.19.5:
    resolution: {integrity: sha512-fB3Zu92ucau0iQ0JMCFQE7b/dv8Ot07NI3KaZIkIUNXq82k4eBAqUaneXfleGY9JWskeS9y+u0nXMyspcuQrCg==}
    dependencies:
      '@types/connect': 3.4.38
      '@types/node': 18.19.4
    dev: true

  /@types/connect@3.4.38:
    resolution: {integrity: sha512-K6uROf1LD88uDQqJCktA4yzL1YYAK6NgfsI0v/mTgyPKWsX1CnJ0XPSDhViejru1GcRkLWb8RlzFYJRqGUbaug==}
    dependencies:
      '@types/node': 18.19.4
    dev: true

  /@types/content-disposition@0.5.8:
    resolution: {integrity: sha512-QVSSvno3dE0MgO76pJhmv4Qyi/j0Yk9pBp0Y7TJ2Tlj+KCgJWY6qX7nnxCOLkZ3VYRSIk1WTxCvwUSdx6CCLdg==}
    dev: true

  /@types/cookies@0.7.10:
    resolution: {integrity: sha512-hmUCjAk2fwZVPPkkPBcI7jGLIR5mg4OVoNMBwU6aVsMm/iNPY7z9/R+x2fSwLt/ZXoGua6C5Zy2k5xOo9jUyhQ==}
    dependencies:
      '@types/connect': 3.4.38
      '@types/express': 4.17.21
      '@types/keygrip': 1.0.6
      '@types/node': 18.19.4
    dev: true

  /@types/express-serve-static-core@4.17.41:
    resolution: {integrity: sha512-OaJ7XLaelTgrvlZD8/aa0vvvxZdUmlCn6MtWeB7TkiKW70BQLc9XEPpDLPdbo52ZhXUCrznlWdCHWxJWtdyajA==}
    dependencies:
      '@types/node': 18.19.4
      '@types/qs': 6.9.11
      '@types/range-parser': 1.2.7
      '@types/send': 0.17.4
    dev: true

  /@types/express@4.17.21:
    resolution: {integrity: sha512-ejlPM315qwLpaQlQDTjPdsUFSc6ZsP4AN6AlWnogPjQ7CVi7PYF3YVz+CY3jE2pwYf7E/7HlDAN0rV2GxTG0HQ==}
    dependencies:
      '@types/body-parser': 1.19.5
      '@types/express-serve-static-core': 4.17.41
      '@types/qs': 6.9.11
      '@types/serve-static': 1.15.5
    dev: true

  /@types/http-assert@1.5.5:
    resolution: {integrity: sha512-4+tE/lwdAahgZT1g30Jkdm9PzFRde0xwxBNUyRsCitRvCQB90iuA2uJYdUnhnANRcqGXaWOGY4FEoxeElNAK2g==}
    dev: true

  /@types/http-errors@2.0.4:
    resolution: {integrity: sha512-D0CFMMtydbJAegzOyHjtiKPLlvnm3iTZyZRSZoLq2mRhDdmLfIWOCYPfQJ4cu2erKghU++QvjcUjp/5h7hESpA==}
    dev: true

  /@types/keygrip@1.0.6:
    resolution: {integrity: sha512-lZuNAY9xeJt7Bx4t4dx0rYCDqGPW8RXhQZK1td7d4H6E9zYbLoOtjBvfwdTKpsyxQI/2jv+armjX/RW+ZNpXOQ==}
    dev: true

  /@types/koa-compose@3.2.8:
    resolution: {integrity: sha512-4Olc63RY+MKvxMwVknCUDhRQX1pFQoBZ/lXcRLP69PQkEpze/0cr8LNqJQe5NFb/b19DWi2a5bTi2VAlQzhJuA==}
    dependencies:
      '@types/koa': 2.13.12
    dev: true

  /@types/koa@2.13.12:
    resolution: {integrity: sha512-vAo1KuDSYWFDB4Cs80CHvfmzSQWeUb909aQib0C0aFx4sw0K9UZFz2m5jaEP+b3X1+yr904iQiruS0hXi31jbw==}
    dependencies:
      '@types/accepts': 1.3.7
      '@types/content-disposition': 0.5.8
      '@types/cookies': 0.7.10
      '@types/http-assert': 1.5.5
      '@types/http-errors': 2.0.4
      '@types/keygrip': 1.0.6
      '@types/koa-compose': 3.2.8
      '@types/node': 18.19.4
    dev: true

  /@types/koa__cors@5.0.0:
    resolution: {integrity: sha512-LCk/n25Obq5qlernGOK/2LUwa/2YJb2lxHUkkvYFDOpLXlVI6tKcdfCHRBQnOY4LwH6el5WOLs6PD/a8Uzau6g==}
    dependencies:
      '@types/koa': 2.13.12
    dev: true

  /@types/koa__router@12.0.4:
    resolution: {integrity: sha512-Y7YBbSmfXZpa/m5UGGzb7XadJIRBRnwNY9cdAojZGp65Cpe5MAP3mOZE7e3bImt8dfKS4UFcR16SLH8L/z7PBw==}
    dependencies:
      '@types/koa': 2.13.12
    dev: true

  /@types/mime@1.3.5:
    resolution: {integrity: sha512-/pyBZWSLD2n0dcHE3hq8s8ZvcETHtEuF+3E7XVt0Ig2nvsVQXdghHVcEkIWjy9A0wKfTn97a/PSDYohKIlnP/w==}
    dev: true

  /@types/mime@3.0.4:
    resolution: {integrity: sha512-iJt33IQnVRkqeqC7PzBHPTC6fDlRNRW8vjrgqtScAhrmMwe8c4Eo7+fUGTa+XdWrpEgpyKWMYmi2dIwMAYRzPw==}
    dev: true

  /@types/node@18.19.4:
    resolution: {integrity: sha512-xNzlUhzoHotIsnFoXmJB+yWmBvFZgKCI9TtPIEdYIMM1KWfwuY8zh7wvc1u1OAXlC7dlf6mZVx/s+Y5KfFz19A==}
    dependencies:
      undici-types: 5.26.5
    dev: true

  /@types/qs@6.9.11:
    resolution: {integrity: sha512-oGk0gmhnEJK4Yyk+oI7EfXsLayXatCWPHary1MtcmbAifkobT9cM9yutG/hZKIseOU0MqbIwQ/u2nn/Gb+ltuQ==}
    dev: true

  /@types/range-parser@1.2.7:
    resolution: {integrity: sha512-hKormJbkJqzQGhziax5PItDUTMAM9uE2XXQmM37dyd4hVM+5aVl7oVxMVUiVQn2oCQFN/LKCZdvSM0pFRqbSmQ==}
    dev: true

  /@types/send@0.17.4:
    resolution: {integrity: sha512-x2EM6TJOybec7c52BX0ZspPodMsQUd5L6PRwOunVyVUhXiBSKf3AezDL8Dgvgt5o0UfKNfuA0eMLr2wLT4AiBA==}
    dependencies:
      '@types/mime': 1.3.5
      '@types/node': 18.19.4
    dev: true

  /@types/serve-static@1.15.5:
    resolution: {integrity: sha512-PDRk21MnK70hja/YF8AHfC7yIsiQHn1rcXx7ijCFBX/k+XQJhQT/gw3xekXKJvx+5SXaMMS8oqQy09Mzvz2TuQ==}
    dependencies:
      '@types/http-errors': 2.0.4
      '@types/mime': 3.0.4
      '@types/node': 18.19.4
    dev: true

  /acorn-walk@8.3.1:
    resolution: {integrity: sha512-TgUZgYvqZprrl7YldZNoa9OciCAyZR+Ejm9eXzKCmjsF5IKp/wgQ7Z/ZpjpGTIUPwrHQIcYeI8qDh4PsEwxMbw==}
    engines: {node: '>=0.4.0'}
    dev: true

  /acorn@8.11.3:
    resolution: {integrity: sha512-Y9rRfJG5jcKOE0CLisYbojUjIrIEE7AGMzA/Sm4BslANhbS+cDMpgBdcPT91oJ7OuJ9hYJBx59RjbhxVnrF8Xg==}
    engines: {node: '>=0.4.0'}
    hasBin: true
    dev: true

  /arg@4.1.3:
    resolution: {integrity: sha512-58S9QDqG0Xx27YwPSt9fJxivjYl432YCwfDMfZ+71RAqUrZef7LrKQZ3LHLOwCS4FLNBplP533Zx895SeOCHvA==}
    dev: true

  /balanced-match@1.0.2:
    resolution: {integrity: sha512-3oSeUO0TMV67hN1AmbXsK4yaqU7tjiHlbxRDZOpH0KW9+CeX4bRAaX0Anxt0tx2MrpRpWwQaPwIlISEJhYU5Pw==}
    dev: false

  /brace-expansion@2.0.1:
    resolution: {integrity: sha512-XnAIvQ8eM+kC6aULx6wuQiwVsnzsi9d3WxzV3FpWTGA19F621kwdbsAcFKXgKUHZWsy+mY6iL1sHTxWEFCytDA==}
    dependencies:
      balanced-match: 1.0.2
    dev: false

  /create-require@1.1.1:
    resolution: {integrity: sha512-dcKFX3jn0MpIaXjisoRvexIJVEKzaq7z2rZKxf+MSr9TkdmHmsU4m2lcLojrj/FHl8mk5VxMmYA+ftRkP/3oKQ==}
    dev: true

  /deepmerge@4.3.1:
    resolution: {integrity: sha512-3sUqbMEc77XqpdNO7FRyRog+eW3ph+GYCbj+rK+uYyRMuwsVy0rMiVtPn+QJlKFvWP/1PYpapqYn0Me2knFn+A==}
    engines: {node: '>=0.10.0'}
    dev: false

  /diff@4.0.2:
    resolution: {integrity: sha512-58lmxKSA4BNyLz+HHMUzlOEpg09FV+ev6ZMe3vJihgdxzgcwZ8VoEEPmALCZG9LmqfVoNMMKpttIYTVG6uDY7A==}
    engines: {node: '>=0.3.1'}
    dev: true

  /make-error@1.3.6:
    resolution: {integrity: sha512-s8UhlNe7vPKomQhC1qFelMokr/Sc3AgNbso3n74mVPA5LTZwkB9NlXf4XPamLxJE8h0gh73rM94xvwRT2CVInw==}
    dev: true

  /minimatch@5.1.6:
    resolution: {integrity: sha512-lKwV/1brpG6mBUFHtb7NUmtABCb2WZZmm2wNiOA5hAb8VdCS4B3dtMWyvcoViccwAW/COERjXLt0zP1zXUN26g==}
    engines: {node: '>=10'}
    dependencies:
      brace-expansion: 2.0.1
    dev: false

  /prettier@2.8.8:
    resolution: {integrity: sha512-tdN8qQGvNjw4CHbY+XXk0JgCXn9QiF21a55rBe5LJAU+kDyC4WQn4+awm2Xfk2lQMk5fKup9XgzTZtGkjBdP9Q==}
    engines: {node: '>=10.13.0'}
    hasBin: true
    dev: true

  /reflect-metadata@0.1.14:
    resolution: {integrity: sha512-ZhYeb6nRaXCfhnndflDK8qI6ZQ/YcWZCISRAWICW9XYqMUwjZM9Z0DveWX/ABN01oxSHwVxKQmxeYZSsm0jh5A==}
    dev: false

  /ts-node@10.9.2(@types/node@18.19.4)(typescript@4.9.5):
    resolution: {integrity: sha512-f0FFpIdcHgn8zcPSbf1dRevwt047YMnaiJM3u2w2RewrB+fob/zePZcrOyQoLMMO7aBIddLcQIEK5dYjkLnGrQ==}
    hasBin: true
    peerDependencies:
      '@swc/core': '>=1.2.50'
      '@swc/wasm': '>=1.2.50'
      '@types/node': '*'
      typescript: '>=2.7'
    peerDependenciesMeta:
      '@swc/core':
        optional: true
      '@swc/wasm':
        optional: true
    dependencies:
      '@cspotcode/source-map-support': 0.8.1
      '@tsconfig/node10': 1.0.9
      '@tsconfig/node12': 1.0.11
      '@tsconfig/node14': 1.0.3
      '@tsconfig/node16': 1.0.4
      '@types/node': 18.19.4
      acorn: 8.11.3
      acorn-walk: 8.3.1
      arg: 4.1.3
      create-require: 1.1.1
      diff: 4.0.2
      make-error: 1.3.6
      typescript: 4.9.5
      v8-compile-cache-lib: 3.0.1
      yn: 3.1.1
    dev: true

  /tslib@2.6.2:
    resolution: {integrity: sha512-AEYxH93jGFPn/a2iVAwW87VuUIkR1FVUKB77NwMF7nBTDkDrrT/Hpt/IrCJ0QXhW27jTBDcf5ZY7w6RiqTMw2Q==}

  /typescript@4.9.5:
    resolution: {integrity: sha512-1FXk9E2Hm+QzZQ7z+McJiHL4NW1F2EzMu9Nq9i3zAaGqibafqYwCVU6WyWAuyQRRzOlxou8xZSyXLEN8oKj24g==}
    engines: {node: '>=4.2.0'}
    hasBin: true
    dev: true

  /undici-types@5.26.5:
    resolution: {integrity: sha512-JlCMO+ehdEIKqlFxk6IfVoAUVmgz7cU7zD/h9XZ0qzeosSHmUJVOzSQvvYSYWXkFXC+IfLKSIffhv0sVZup6pA==}
    dev: true

  /v8-compile-cache-lib@3.0.1:
    resolution: {integrity: sha512-wa7YjyUGfNZngI/vtK0UHAN+lgDCxBPCylVXGp0zu59Fz5aiGtNXaq3DhIov063MorB+VfufLh3JlF2KdTK3xg==}
    dev: true

  /yn@3.1.1:
    resolution: {integrity: sha512-Ux4ygGWsu2c7isFWe8Yu1YluJmqVhxqK2cLXNQA5AcC3QfbGNpM7fu0Y8b/z16pXLnFxZYvWhd3fhBY9DLmC6Q==}
    engines: {node: '>=6'}
    dev: true
